// !$*UTF8*$!
{
	archiveVersion = 1;
	classes = {
	};
	objectVersion = 77;
	objects = {

/* Begin PBXBuildFile section */
		005E37A157BAEDFBA142B556 /* VelocityCalculator.swift in Sources */ = {isa = PBXBuildFile; fileRef = 5D4E1CAE32F1591D53D86FE3 /* VelocityCalculator.swift */; };
		066EF52807D0322FD45064BE /* TrajectoryAnalyzer.swift in Sources */ = {isa = PBXBuildFile; fileRef = DC1FC59A0BA7389871BBF57C /* TrajectoryAnalyzer.swift */; };
		17374346422CAEBE6086FEEB /* RootView.swift in Sources */ = {isa = PBXBuildFile; fileRef = C29E5F6895B03EADB9EE046E /* RootView.swift */; };
		2C676CDF3134031FF0FCEA6A /* CameraPreview.swift in Sources */ = {isa = PBXBuildFile; fileRef = 6CE0E658EDB21850525A565D /* CameraPreview.swift */; };
		2E221153A98ED6D9D64527B0 /* Assets.xcassets in Resources */ = {isa = PBXBuildFile; fileRef = E7EE2754B8FEF82A3D8CC2AA /* Assets.xcassets */; };
		40C89987422D8F770AF8F742 /* CameraManager.swift in Sources */ = {isa = PBXBuildFile; fileRef = C194875FF7F4F92FE2614496 /* CameraManager.swift */; };
		4C99DC54919650314D8CCA04 /* PitchModels.swift in Sources */ = {isa = PBXBuildFile; fileRef = CA6DEA85FC9B6114CAC74148 /* PitchModels.swift */; };
		587393BE13859EB804017D98 /* PitchTrackerApp.swift in Sources */ = {isa = PBXBuildFile; fileRef = D1C9213DBB2672CC6F3D7DA5 /* PitchTrackerApp.swift */; };
		8B5EFD125AF41116684B4471 /* TrackView.swift in Sources */ = {isa = PBXBuildFile; fileRef = B6C731C40B9A50ACD6894216 /* TrackView.swift */; };
		CCA1A88081ADDF9CF1E1138A /* PitchStore.swift in Sources */ = {isa = PBXBuildFile; fileRef = D3CC2268599470E4297D6DB1 /* PitchStore.swift */; };
/* End PBXBuildFile section */

/* Begin PBXFileReference section */
		4AB96027C07EF08A550FA690 /* PitchTracker.app */ = {isa = PBXFileReference; includeInIndex = 0; lastKnownFileType = wrapper.application; path = PitchTracker.app; sourceTree = BUILT_PRODUCTS_DIR; };
		5D4E1CAE32F1591D53D86FE3 /* VelocityCalculator.swift */ = {isa = PBXFileReference; lastKnownFileType = sourcecode.swift; path = VelocityCalculator.swift; sourceTree = "<group>"; };
		6CE0E658EDB21850525A565D /* CameraPreview.swift */ = {isa = PBXFileReference; lastKnownFileType = sourcecode.swift; path = CameraPreview.swift; sourceTree = "<group>"; };
		7261BFB94833C17FA960473A /* Info.plist */ = {isa = PBXFileReference; lastKnownFileType = text.plist; path = Info.plist; sourceTree = "<group>"; };
		B6C731C40B9A50ACD6894216 /* TrackView.swift */ = {isa = PBXFileReference; lastKnownFileType = sourcecode.swift; path = TrackView.swift; sourceTree = "<group>"; };
		C194875FF7F4F92FE2614496 /* CameraManager.swift */ = {isa = PBXFileReference; lastKnownFileType = sourcecode.swift; path = CameraManager.swift; sourceTree = "<group>"; };
		C29E5F6895B03EADB9EE046E /* RootView.swift */ = {isa = PBXFileReference; lastKnownFileType = sourcecode.swift; path = RootView.swift; sourceTree = "<group>"; };
		CA6DEA85FC9B6114CAC74148 /* PitchModels.swift */ = {isa = PBXFileReference; lastKnownFileType = sourcecode.swift; path = PitchModels.swift; sourceTree = "<group>"; };
		D1C9213DBB2672CC6F3D7DA5 /* PitchTrackerApp.swift */ = {isa = PBXFileReference; lastKnownFileType = sourcecode.swift; path = PitchTrackerApp.swift; sourceTree = "<group>"; };
		D3CC2268599470E4297D6DB1 /* PitchStore.swift */ = {isa = PBXFileReference; lastKnownFileType = sourcecode.swift; path = PitchStore.swift; sourceTree = "<group>"; };
		DC1FC59A0BA7389871BBF57C /* TrajectoryAnalyzer.swift */ = {isa = PBXFileReference; lastKnownFileType = sourcecode.swift; path = TrajectoryAnalyzer.swift; sourceTree = "<group>"; };
		E7EE2754B8FEF82A3D8CC2AA /* Assets.xcassets */ = {isa = PBXFileReference; lastKnownFileType = folder.assetcatalog; path = Assets.xcassets; sourceTree = "<group>"; };
/* End PBXFileReference section */

/* Begin PBXGroup section */
		05D047B8411E1CAB78D37874 = {
			isa = PBXGroup;
			children = (
				DDBF0F11D2C09AB943BFC3E5 /* PitchTracker */,
				34C1CBAF625B9E59F54FE8A3 /* Products */,
			);
			sourceTree = "<group>";
		};
		34C1CBAF625B9E59F54FE8A3 /* Products */ = {
			isa = PBXGroup;
			children = (
				4AB96027C07EF08A550FA690 /* PitchTracker.app */,
			);
			name = Products;
			sourceTree = "<group>";
		};
		566231BE7B2079389129F1C1 /* Views */ = {
			isa = PBXGroup;
			children = (
				6CE0E658EDB21850525A565D /* CameraPreview.swift */,
				C29E5F6895B03EADB9EE046E /* RootView.swift */,
				B6C731C40B9A50ACD6894216 /* TrackView.swift */,
			);
			path = Views;
			sourceTree = "<group>";
		};
		81F49407BE37391CD0380458 /* Services */ = {
			isa = PBXGroup;
			children = (
				C194875FF7F4F92FE2614496 /* CameraManager.swift */,
				D3CC2268599470E4297D6DB1 /* PitchStore.swift */,
				DC1FC59A0BA7389871BBF57C /* TrajectoryAnalyzer.swift */,
				5D4E1CAE32F1591D53D86FE3 /* VelocityCalculator.swift */,
			);
			path = Services;
			sourceTree = "<group>";
		};
		A4DF1B1B59FA62393AF3A046 /* Models */ = {
			isa = PBXGroup;
			children = (
				CA6DEA85FC9B6114CAC74148 /* PitchModels.swift */,
			);
			path = Models;
			sourceTree = "<group>";
		};
		DDBF0F11D2C09AB943BFC3E5 /* PitchTracker */ = {
			isa = PBXGroup;
			children = (
				E7EE2754B8FEF82A3D8CC2AA /* Assets.xcassets */,
				7261BFB94833C17FA960473A /* Info.plist */,
				D1C9213DBB2672CC6F3D7DA5 /* PitchTrackerApp.swift */,
				A4DF1B1B59FA62393AF3A046 /* Models */,
				81F49407BE37391CD0380458 /* Services */,
				566231BE7B2079389129F1C1 /* Views */,
			);
			path = PitchTracker;
			sourceTree = "<group>";
		};
/* End PBXGroup section */

/* Begin PBXNativeTarget section */
		1E2C47D1FB15F44F4DBECDD6 /* PitchTracker */ = {
			isa = PBXNativeTarget;
			buildConfigurationList = E9E4DFB649922C46F8DFED9E /* Build configuration list for PBXNativeTarget "PitchTracker" */;
			buildPhases = (
				503B2F4C9593B645266570B1 /* Sources */,
				DFE1E5DC7831DFA4485DF1E6 /* Resources */,
			);
			buildRules = (
			);
			dependencies = (
			);
			name = PitchTracker;
			packageProductDependencies = (
			);
			productName = PitchTracker;
			productReference = 4AB96027C07EF08A550FA690 /* PitchTracker.app */;
			productType = "com.apple.product-type.application";
		};
/* End PBXNativeTarget section */

/* Begin PBXProject section */
		17C2397E7BA508DE8319E817 /* Project object */ = {
			isa = PBXProject;
			attributes = {
				BuildIndependentTargetsInParallel = YES;
				LastUpgradeCheck = 1500;
				TargetAttributes = {
					1E2C47D1FB15F44F4DBECDD6 = {
						DevelopmentTeam = "";
						ProvisioningStyle = Automatic;
					};
				};
			};
			buildConfigurationList = 5F881D82433D5F71DA88BFAF /* Build configuration list for PBXProject "PitchTracker" */;
			compatibilityVersion = "Xcode 14.0";
			developmentRegion = en;
			hasScannedForEncodings = 0;
			knownRegions = (
				Base,
				en,
			);
			mainGroup = 05D047B8411E1CAB78D37874;
			minimizedProjectReferenceProxies = 1;
			preferredProjectObjectVersion = 77;
			projectDirPath = "";
			projectRoot = "";
			targets = (
				1E2C47D1FB15F44F4DBECDD6 /* PitchTracker */,
			);
		};
/* End PBXProject section */

/* Begin PBXResourcesBuildPhase section */
		DFE1E5DC7831DFA4485DF1E6 /* Resources */ = {
			isa = PBXResourcesBuildPhase;
			buildActionMask = 2147483647;
			files = (
				2E221153A98ED6D9D64527B0 /* Assets.xcassets in Resources */,
			);
			runOnlyForDeploymentPostprocessing = 0;
		};
/* End PBXResourcesBuildPhase section */

/* Begin PBXSourcesBuildPhase section */
		503B2F4C9593B645266570B1 /* Sources */ = {
			isa = PBXSourcesBuildPhase;
			buildActionMask = 2147483647;
			files = (
				40C89987422D8F770AF8F742 /* CameraManager.swift in Sources */,
				2C676CDF3134031FF0FCEA6A /* CameraPreview.swift in Sources */,
				4C99DC54919650314D8CCA04 /* PitchModels.swift in Sources */,
				CCA1A88081ADDF9CF1E1138A /* PitchStore.swift in Sources */,
				587393BE13859EB804017D98 /* PitchTrackerApp.swift in Sources */,
				17374346422CAEBE6086FEEB /* RootView.swift in Sources */,
				8B5EFD125AF41116684B4471 /* TrackView.swift in Sources */,
				066EF52807D0322FD45064BE /* TrajectoryAnalyzer.swift in Sources */,
				005E37A157BAEDFBA142B556 /* VelocityCalculator.swift in Sources */,
			);
			runOnlyForDeploymentPostprocessing = 0;
		};
/* End PBXSourcesBuildPhase section */

/* Begin XCBuildConfiguration section */
		3111598DFA6C5B5C3BBBBCD5 /* Debug */ = {
			isa = XCBuildConfiguration;
			buildSettings = {
				ALWAYS_SEARCH_USER_PATHS = NO;
				CLANG_ANALYZER_NONNULL = YES;
				CLANG_ANALYZER_NUMBER_OBJECT_CONVERSION = YES_AGGRESSIVE;
				CLANG_CXX_LANGUAGE_STANDARD = "gnu++14";
				CLANG_CXX_LIBRARY = "libc++";
				CLANG_ENABLE_MODULES = YES;
				CLANG_ENABLE_OBJC_ARC = YES;
				CLANG_ENABLE_OBJC_WEAK = YES;
				CLANG_WARN_BLOCK_CAPTURE_AUTORELEASING = YES;
				CLANG_WARN_BOOL_CONVERSION = YES;
				CLANG_WARN_COMMA = YES;
				CLANG_WARN_CONSTANT_CONVERSION = YES;
				CLANG_WARN_DEPRECATED_OBJC_IMPLEMENTATIONS = YES;
				CLANG_WARN_DIRECT_OBJC_ISA_USAGE = YES_ERROR;
				CLANG_WARN_DOCUMENTATION_COMMENTS = YES;
				CLANG_WARN_EMPTY_BODY = YES;
				CLANG_WARN_ENUM_CONVERSION = YES;
				CLANG_WARN_INFINITE_RECURSION = YES;
				CLANG_WARN_INT_CONVERSION = YES;
				CLANG_WARN_NON_LITERAL_NULL_CONVERSION = YES;
				CLANG_WARN_OBJC_IMPLICIT_RETAIN_SELF = YES;
				CLANG_WARN_OBJC_LITERAL_CONVERSION = YES;
				CLANG_WARN_OBJC_ROOT_CLASS = YES_ERROR;
				CLANG_WARN_QUOTED_INCLUDE_IN_FRAMEWORK_HEADER = YES;
				CLANG_WARN_RANGE_LOOP_ANALYSIS = YES;
				CLANG_WARN_STRICT_PROTOTYPES = YES;
				CLANG_WARN_SUSPICIOUS_MOVE = YES;
				CLANG_WARN_UNGUARDED_AVAILABILITY = YES_AGGRESSIVE;
				CLANG_WARN_UNREACHABLE_CODE = YES;
				CLANG_WARN__DUPLICATE_METHOD_MATCH = YES;
				CODE_SIGN_STYLE = Automatic;
				COPY_PHASE_STRIP = NO;
				DEBUG_INFORMATION_FORMAT = dwarf;
				DEVELOPMENT_TEAM = "";
				ENABLE_STRICT_OBJC_MSGSEND = YES;
				ENABLE_TESTABILITY = YES;
				GCC_C_LANGUAGE_STANDARD = gnu11;
				GCC_DYNAMIC_NO_PIC = NO;
				GCC_NO_COMMON_BLOCKS = YES;
				GCC_OPTIMIZATION_LEVEL = 0;
				GCC_PREPROCESSOR_DEFINITIONS = (
					"$(inherited)",
					"DEBUG=1",
				);
				GCC_WARN_64_TO_32_BIT_CONVERSION = YES;
				GCC_WARN_ABOUT_RETURN_TYPE = YES_ERROR;
				GCC_WARN_UNDECLARED_SELECTOR = YES;
				GCC_WARN_UNINITIALIZED_AUTOS = YES_AGGRESSIVE;
				GCC_WARN_UNUSED_FUNCTION = YES;
				GCC_WARN_UNUSED_VARIABLE = YES;
				INFOPLIST_KEY_NSCameraUsageDescription = "Camera tracks pitch location and ball flight for velocity and strike zone analysis.";
				INFOPLIST_KEY_NSPhotoLibraryAddUsageDescription = "Save pitch clips to your photo library.";
				INFOPLIST_KEY_UIApplicationSceneManifest_Generation = YES;
				INFOPLIST_KEY_UILaunchScreen_Generation = YES;
				INFOPLIST_KEY_UISupportedInterfaceOrientations = UIInterfaceOrientationPortrait;
				IPHONEOS_DEPLOYMENT_TARGET = 17.0;
				MTL_ENABLE_DEBUG_INFO = INCLUDE_SOURCE;
				MTL_FAST_MATH = YES;
				ONLY_ACTIVE_ARCH = YES;
				PRODUCT_NAME = "$(TARGET_NAME)";
				SDKROOT = iphoneos;
				SWIFT_ACTIVE_COMPILATION_CONDITIONS = DEBUG;
				SWIFT_OPTIMIZATION_LEVEL = "-Onone";
				SWIFT_VERSION = 5.9;
				TARGETED_DEVICE_FAMILY = 1;
			};
			name = Debug;
		};
		4BCCE193CFDCEB9DD7FB3E90 /* Release */ = {
			isa = XCBuildConfiguration;
			buildSettings = {
				ASSETCATALOG_COMPILER_APPICON_NAME = AppIcon;
				CODE_SIGN_IDENTITY = "iPhone Developer";
				CURRENT_PROJECT_VERSION = 1;
				GENERATE_INFOPLIST_FILE = YES;
				INFOPLIST_FILE = PitchTracker/Info.plist;
				LD_RUNPATH_SEARCH_PATHS = (
					"$(inherited)",
					"@executable_path/Frameworks",
				);
				MARKETING_VERSION = 1.0.0;
				PRODUCT_BUNDLE_IDENTIFIER = com.vip.pitchtracker;
				SDKROOT = iphoneos;
				TARGETED_DEVICE_FAMILY = "1,2";
			};
			name = Release;
		};
		5FB5EA3A1E8D89F28ADD3626 /* Debug */ = {
			isa = XCBuildConfiguration;
			buildSettings = {
				ASSETCATALOG_COMPILER_APPICON_NAME = AppIcon;
				CODE_SIGN_IDENTITY = "iPhone Developer";
				CURRENT_PROJECT_VERSION = 1;
				GENERATE_INFOPLIST_FILE = YES;
				INFOPLIST_FILE = PitchTracker/Info.plist;
				LD_RUNPATH_SEARCH_PATHS = (
					"$(inherited)",
					"@executable_path/Frameworks",
				);
				MARKETING_VERSION = 1.0.0;
				PRODUCT_BUNDLE_IDENTIFIER = com.vip.pitchtracker;
				SDKROOT = iphoneos;
				TARGETED_DEVICE_FAMILY = "1,2";
			};
			name = Debug;
		};
		F6B89A921CE2F04C5DEFB0AF /* Release */ = {
			isa = XCBuildConfiguration;
			buildSettings = {
				ALWAYS_SEARCH_USER_PATHS = NO;
				CLANG_ANALYZER_NONNULL = YES;
				CLANG_ANALYZER_NUMBER_OBJECT_CONVERSION = YES_AGGRESSIVE;
				CLANG_CXX_LANGUAGE_STANDARD = "gnu++14";
				CLANG_CXX_LIBRARY = "libc++";
				CLANG_ENABLE_MODULES = YES;
				CLANG_ENABLE_OBJC_ARC = YES;
				CLANG_ENABLE_OBJC_WEAK = YES;
				CLANG_WARN_BLOCK_CAPTURE_AUTORELEASING = YES;
				CLANG_WARN_BOOL_CONVERSION = YES;
				CLANG_WARN_COMMA = YES;
				CLANG_WARN_CONSTANT_CONVERSION = YES;
				CLANG_WARN_DEPRECATED_OBJC_IMPLEMENTATIONS = YES;
				CLANG_WARN_DIRECT_OBJC_ISA_USAGE = YES_ERROR;
				CLANG_WARN_DOCUMENTATION_COMMENTS = YES;
				CLANG_WARN_EMPTY_BODY = YES;
				CLANG_WARN_ENUM_CONVERSION = YES;
				CLANG_WARN_INFINITE_RECURSION = YES;
				CLANG_WARN_INT_CONVERSION = YES;
				CLANG_WARN_NON_LITERAL_NULL_CONVERSION = YES;
				CLANG_WARN_OBJC_IMPLICIT_RETAIN_SELF = YES;
				CLANG_WARN_OBJC_LITERAL_CONVERSION = YES;
				CLANG_WARN_OBJC_ROOT_CLASS = YES_ERROR;
				CLANG_WARN_QUOTED_INCLUDE_IN_FRAMEWORK_HEADER = YES;
				CLANG_WARN_RANGE_LOOP_ANALYSIS = YES;
				CLANG_WARN_STRICT_PROTOTYPES = YES;
				CLANG_WARN_SUSPICIOUS_MOVE = YES;
				CLANG_WARN_UNGUARDED_AVAILABILITY = YES_AGGRESSIVE;
				CLANG_WARN_UNREACHABLE_CODE = YES;
				CLANG_WARN__DUPLICATE_METHOD_MATCH = YES;
				CODE_SIGN_STYLE = Automatic;
				COPY_PHASE_STRIP = NO;
				DEBUG_INFORMATION_FORMAT = "dwarf-with-dsym";
				DEVELOPMENT_TEAM = "";
				ENABLE_NS_ASSERTIONS = NO;
				ENABLE_STRICT_OBJC_MSGSEND = YES;
				GCC_C_LANGUAGE_STANDARD = gnu11;
				GCC_NO_COMMON_BLOCKS = YES;
				GCC_WARN_64_TO_32_BIT_CONVERSION = YES;
				GCC_WARN_ABOUT_RETURN_TYPE = YES_ERROR;
				GCC_WARN_UNDECLARED_SELECTOR = YES;
				GCC_WARN_UNINITIALIZED_AUTOS = YES_AGGRESSIVE;
				GCC_WARN_UNUSED_FUNCTION = YES;
				GCC_WARN_UNUSED_VARIABLE = YES;
				INFOPLIST_KEY_NSCameraUsageDescription = "Camera tracks pitch location and ball flight for velocity and strike zone analysis.";
				INFOPLIST_KEY_NSPhotoLibraryAddUsageDescription = "Save pitch clips to your photo library.";
				INFOPLIST_KEY_UIApplicationSceneManifest_Generation = YES;
				INFOPLIST_KEY_UILaunchScreen_Generation = YES;
				INFOPLIST_KEY_UISupportedInterfaceOrientations = UIInterfaceOrientationPortrait;
				IPHONEOS_DEPLOYMENT_TARGET = 17.0;
				MTL_ENABLE_DEBUG_INFO = NO;
				MTL_FAST_MATH = YES;
				PRODUCT_NAME = "$(TARGET_NAME)";
				SDKROOT = iphoneos;
				SWIFT_COMPILATION_MODE = wholemodule;
				SWIFT_OPTIMIZATION_LEVEL = "-O";
				SWIFT_VERSION = 5.9;
				TARGETED_DEVICE_FAMILY = 1;
			};
			name = Release;
		};
/* End XCBuildConfiguration section */

/* Begin XCConfigurationList section */
		5F881D82433D5F71DA88BFAF /* Build configuration list for PBXProject "PitchTracker" */ = {
			isa = XCConfigurationList;
			buildConfigurations = (
				3111598DFA6C5B5C3BBBBCD5 /* Debug */,
				F6B89A921CE2F04C5DEFB0AF /* Release */,
			);
			defaultConfigurationIsVisible = 0;
			defaultConfigurationName = Debug;
		};
		E9E4DFB649922C46F8DFED9E /* Build configuration list for PBXNativeTarget "PitchTracker" */ = {
			isa = XCConfigurationList;
			buildConfigurations = (
				5FB5EA3A1E8D89F28ADD3626 /* Debug */,
				4BCCE193CFDCEB9DD7FB3E90 /* Release */,
			);
			defaultConfigurationIsVisible = 0;
			defaultConfigurationName = Debug;
		};
/* End XCConfigurationList section */
	};
	rootObject = 17C2397E7BA508DE8319E817 /* Project object */;
}
